// !$*UTF8*$!
{
	archiveVersion = 1;
	classes = {
	};
	objectVersion = 56;
	objects = {

/* Begin PBXBuildFile section */
		8F908C6AEB06D213301EF009 /* Pods_News.framework in Frameworks */ = {isa = PBXBuildFile; fileRef = 386837C7618E1A2DE6744AF7 /* Pods_News.framework */; };
		EB1D3D152A24F3B000D6522E /* NewsResponse.swift in Sources */ = {isa = PBXBuildFile; fileRef = EB1D3D142A24F3B000D6522E /* NewsResponse.swift */; };
		EB1D3D172A24F3EC00D6522E /* News.swift in Sources */ = {isa = PBXBuildFile; fileRef = EB1D3D162A24F3EC00D6522E /* News.swift */; };
		EB1D3D192A24F54500D6522E /* NewsTableViewCell.swift in Sources */ = {isa = PBXBuildFile; fileRef = EB1D3D182A24F54500D6522E /* NewsTableViewCell.swift */; };
		EB26E2E82A23D33400A1205D /* ContainerViewController.swift in Sources */ = {isa = PBXBuildFile; fileRef = EB26E2E72A23D33400A1205D /* ContainerViewController.swift */; };
		EB26E2EA2A23D43600A1205D /* HomeViewController.swift in Sources */ = {isa = PBXBuildFile; fileRef = EB26E2E92A23D43600A1205D /* HomeViewController.swift */; };
		EB26E2EC2A23D43B00A1205D /* MenuViewController.swift in Sources */ = {isa = PBXBuildFile; fileRef = EB26E2EB2A23D43B00A1205D /* MenuViewController.swift */; };
		EB26E2EE2A23DD3A00A1205D /* Extensions.swift in Sources */ = {isa = PBXBuildFile; fileRef = EB26E2ED2A23DD3A00A1205D /* Extensions.swift */; };
		EB324FFE2A240C570050E712 /* HapticsManager.swift in Sources */ = {isa = PBXBuildFile; fileRef = EB324FFD2A240C570050E712 /* HapticsManager.swift */; };
		EB6DF9292A23BDD500976763 /* AppDelegate.swift in Sources */ = {isa = PBXBuildFile; fileRef = EB6DF9282A23BDD500976763 /* AppDelegate.swift */; };
		EB6DF92B2A23BDD500976763 /* SceneDelegate.swift in Sources */ = {isa = PBXBuildFile; fileRef = EB6DF92A2A23BDD500976763 /* SceneDelegate.swift */; };
		EB6DF9322A23BDD600976763 /* Assets.xcassets in Resources */ = {isa = PBXBuildFile; fileRef = EB6DF9312A23BDD600976763 /* Assets.xcassets */; };
		EB6DF9352A23BDD600976763 /* LaunchScreen.storyboard in Resources */ = {isa = PBXBuildFile; fileRef = EB6DF9332A23BDD600976763 /* LaunchScreen.storyboard */; };
		EB6DF9412A23BE6800976763 /* ApiCaller.swift in Sources */ = {isa = PBXBuildFile; fileRef = EB6DF9402A23BE6800976763 /* ApiCaller.swift */; };
/* End PBXBuildFile section */

/* Begin PBXFileReference section */
		0903C5A27F26A77EC503E844 /* Pods-News.debug.xcconfig */ = {isa = PBXFileReference; includeInIndex = 1; lastKnownFileType = text.xcconfig; name = "Pods-News.debug.xcconfig"; path = "Target Support Files/Pods-News/Pods-News.debug.xcconfig"; sourceTree = "<group>"; };
		386837C7618E1A2DE6744AF7 /* Pods_News.framework */ = {isa = PBXFileReference; explicitFileType = wrapper.framework; includeInIndex = 0; path = Pods_News.framework; sourceTree = BUILT_PRODUCTS_DIR; };
		A4A587DC38610D30E9D343F4 /* Pods-News.release.xcconfig */ = {isa = PBXFileReference; includeInIndex = 1; lastKnownFileType = text.xcconfig; name = "Pods-News.release.xcconfig"; path = "Target Support Files/Pods-News/Pods-News.release.xcconfig"; sourceTree = "<group>"; };
		EB1D3D142A24F3B000D6522E /* NewsResponse.swift */ = {isa = PBXFileReference; lastKnownFileType = sourcecode.swift; path = NewsResponse.swift; sourceTree = "<group>"; };
		EB1D3D162A24F3EC00D6522E /* News.swift */ = {isa = PBXFileReference; lastKnownFileType = sourcecode.swift; path = News.swift; sourceTree = "<group>"; };
		EB1D3D182A24F54500D6522E /* NewsTableViewCell.swift */ = {isa = PBXFileReference; lastKnownFileType = sourcecode.swift; path = NewsTableViewCell.swift; sourceTree = "<group>"; };
		EB26E2E72A23D33400A1205D /* ContainerViewController.swift */ = {isa = PBXFileReference; lastKnownFileType = sourcecode.swift; path = ContainerViewController.swift; sourceTree = "<group>"; };
		EB26E2E92A23D43600A1205D /* HomeViewController.swift */ = {isa = PBXFileReference; lastKnownFileType = sourcecode.swift; path = HomeViewController.swift; sourceTree = "<group>"; };
		EB26E2EB2A23D43B00A1205D /* MenuViewController.swift */ = {isa = PBXFileReference; lastKnownFileType = sourcecode.swift; path = MenuViewController.swift; sourceTree = "<group>"; };
		EB26E2ED2A23DD3A00A1205D /* Extensions.swift */ = {isa = PBXFileReference; lastKnownFileType = sourcecode.swift; path = Extensions.swift; sourceTree = "<group>"; };
		EB324FFD2A240C570050E712 /* HapticsManager.swift */ = {isa = PBXFileReference; lastKnownFileType = sourcecode.swift; path = HapticsManager.swift; sourceTree = "<group>"; };
		EB6DF9252A23BDD500976763 /* News.app */ = {isa = PBXFileReference; explicitFileType = wrapper.application; includeInIndex = 0; path = News.app; sourceTree = BUILT_PRODUCTS_DIR; };
		EB6DF9282A23BDD500976763 /* AppDelegate.swift */ = {isa = PBXFileReference; lastKnownFileType = sourcecode.swift; path = AppDelegate.swift; sourceTree = "<group>"; };
		EB6DF92A2A23BDD500976763 /* SceneDelegate.swift */ = {isa = PBXFileReference; lastKnownFileType = sourcecode.swift; path = SceneDelegate.swift; sourceTree = "<group>"; };
		EB6DF9312A23BDD600976763 /* Assets.xcassets */ = {isa = PBXFileReference; lastKnownFileType = folder.assetcatalog; path = Assets.xcassets; sourceTree = "<group>"; };
		EB6DF9342A23BDD600976763 /* Base */ = {isa = PBXFileReference; lastKnownFileType = file.storyboard; name = Base; path = Base.lproj/LaunchScreen.storyboard; sourceTree = "<group>"; };
		EB6DF9362A23BDD600976763 /* Info.plist */ = {isa = PBXFileReference; lastKnownFileType = text.plist.xml; path = Info.plist; sourceTree = "<group>"; };
		EB6DF9402A23BE6800976763 /* ApiCaller.swift */ = {isa = PBXFileReference; lastKnownFileType = sourcecode.swift; path = ApiCaller.swift; sourceTree = "<group>"; };
/* End PBXFileReference section */

/* Begin PBXFrameworksBuildPhase section */
		EB6DF9222A23BDD500976763 /* Frameworks */ = {
			isa = PBXFrameworksBuildPhase;
			buildActionMask = 2147483647;
			files = (
				8F908C6AEB06D213301EF009 /* Pods_News.framework in Frameworks */,
			);
			runOnlyForDeploymentPostprocessing = 0;
		};
/* End PBXFrameworksBuildPhase section */

/* Begin PBXGroup section */
		AA297DCC400D77AAE2E504AF /* Frameworks */ = {
			isa = PBXGroup;
			children = (
				386837C7618E1A2DE6744AF7 /* Pods_News.framework */,
			);
			name = Frameworks;
			sourceTree = "<group>";
		};
		E148436ED659E77EF5F4AE4F /* Pods */ = {
			isa = PBXGroup;
			children = (
				0903C5A27F26A77EC503E844 /* Pods-News.debug.xcconfig */,
				A4A587DC38610D30E9D343F4 /* Pods-News.release.xcconfig */,
			);
			path = Pods;
			sourceTree = "<group>";
		};
		EB6DF91C2A23BDD500976763 = {
			isa = PBXGroup;
			children = (
				EB6DF9272A23BDD500976763 /* News */,
				EB6DF9262A23BDD500976763 /* Products */,
				E148436ED659E77EF5F4AE4F /* Pods */,
				AA297DCC400D77AAE2E504AF /* Frameworks */,
			);
			sourceTree = "<group>";
		};
		EB6DF9262A23BDD500976763 /* Products */ = {
			isa = PBXGroup;
			children = (
				EB6DF9252A23BDD500976763 /* News.app */,
			);
			name = Products;
			sourceTree = "<group>";
		};
		EB6DF9272A23BDD500976763 /* News */ = {
			isa = PBXGroup;
			children = (
				EB6DF93C2A23BDF000976763 /* Controller */,
				EB6DF93D2A23BDF600976763 /* Model */,
				EB6DF93E2A23BDFB00976763 /* View */,
				EB6DF93F2A23BE2D00976763 /* Resources */,
				EB6DF9362A23BDD600976763 /* Info.plist */,
			);
			path = News;
			sourceTree = "<group>";
		};
		EB6DF93C2A23BDF000976763 /* Controller */ = {
			isa = PBXGroup;
			children = (
				EB26E2E72A23D33400A1205D /* ContainerViewController.swift */,
				EB26E2E92A23D43600A1205D /* HomeViewController.swift */,
				EB26E2EB2A23D43B00A1205D /* MenuViewController.swift */,
			);
			path = Controller;
			sourceTree = "<group>";
		};
		EB6DF93D2A23BDF600976763 /* Model */ = {
			isa = PBXGroup;
			children = (
				EB1D3D162A24F3EC00D6522E /* News.swift */,
				EB1D3D142A24F3B000D6522E /* NewsResponse.swift */,
			);
			path = Model;
			sourceTree = "<group>";
		};
		EB6DF93E2A23BDFB00976763 /* View */ = {
			isa = PBXGroup;
			children = (
				EB6DF9332A23BDD600976763 /* LaunchScreen.storyboard */,
				EB1D3D182A24F54500D6522E /* NewsTableViewCell.swift */,
			);
			path = View;
			sourceTree = "<group>";
		};
		EB6DF93F2A23BE2D00976763 /* Resources */ = {
			isa = PBXGroup;
			children = (
				EB6DF9282A23BDD500976763 /* AppDelegate.swift */,
				EB6DF92A2A23BDD500976763 /* SceneDelegate.swift */,
				EB6DF9312A23BDD600976763 /* Assets.xcassets */,
				EB6DF9402A23BE6800976763 /* ApiCaller.swift */,
				EB26E2ED2A23DD3A00A1205D /* Extensions.swift */,
				EB324FFD2A240C570050E712 /* HapticsManager.swift */,
			);
			path = Resources;
			sourceTree = "<group>";
		};
/* End PBXGroup section */

/* Begin PBXNativeTarget section */
		EB6DF9242A23BDD500976763 /* News */ = {
			isa = PBXNativeTarget;
			buildConfigurationList = EB6DF9392A23BDD600976763 /* Build configuration list for PBXNativeTarget "News" */;
			buildPhases = (
				6C7FC711AFD22587387AA206 /* [CP] Check Pods Manifest.lock */,
				EB6DF9212A23BDD500976763 /* Sources */,
				EB6DF9222A23BDD500976763 /* Frameworks */,
				EB6DF9232A23BDD500976763 /* Resources */,
				4DB87DE6024496D4E8A11B93 /* [CP] Embed Pods Frameworks */,
			);
			buildRules = (
			);
			dependencies = (
			);
			name = News;
			productName = News;
			productReference = EB6DF9252A23BDD500976763 /* News.app */;
			productType = "com.apple.product-type.application";
		};
/* End PBXNativeTarget section */

/* Begin PBXProject section */
		EB6DF91D2A23BDD500976763 /* Project object */ = {
			isa = PBXProject;
			attributes = {
				BuildIndependentTargetsInParallel = 1;
				LastSwiftUpdateCheck = 1430;
				LastUpgradeCheck = 1430;
				TargetAttributes = {
					EB6DF9242A23BDD500976763 = {
						CreatedOnToolsVersion = 14.3;
					};
				};
			};
			buildConfigurationList = EB6DF9202A23BDD500976763 /* Build configuration list for PBXProject "News" */;
			compatibilityVersion = "Xcode 14.0";
			developmentRegion = en;
			hasScannedForEncodings = 0;
			knownRegions = (
				en,
				Base,
			);
			mainGroup = EB6DF91C2A23BDD500976763;
			productRefGroup = EB6DF9262A23BDD500976763 /* Products */;
			projectDirPath = "";
			projectRoot = "";
			targets = (
				EB6DF9242A23BDD500976763 /* News */,
			);
		};
/* End PBXProject section */

/* Begin PBXResourcesBuildPhase section */
		EB6DF9232A23BDD500976763 /* Resources */ = {
			isa = PBXResourcesBuildPhase;
			buildActionMask = 2147483647;
			files = (
				EB6DF9352A23BDD600976763 /* LaunchScreen.storyboard in Resources */,
				EB6DF9322A23BDD600976763 /* Assets.xcassets in Resources */,
			);
			runOnlyForDeploymentPostprocessing = 0;
		};
/* End PBXResourcesBuildPhase section */

/* Begin PBXShellScriptBuildPhase section */
		4DB87DE6024496D4E8A11B93 /* [CP] Embed Pods Frameworks */ = {
			isa = PBXShellScriptBuildPhase;
			buildActionMask = 2147483647;
			files = (
			);
			inputFileListPaths = (
				"${PODS_ROOT}/Target Support Files/Pods-News/Pods-News-frameworks-${CONFIGURATION}-input-files.xcfilelist",
			);
			name = "[CP] Embed Pods Frameworks";
			outputFileListPaths = (
				"${PODS_ROOT}/Target Support Files/Pods-News/Pods-News-frameworks-${CONFIGURATION}-output-files.xcfilelist",
			);
			runOnlyForDeploymentPostprocessing = 0;
			shellPath = /bin/sh;
			shellScript = "\"${PODS_ROOT}/Target Support Files/Pods-News/Pods-News-frameworks.sh\"\n";
			showEnvVarsInLog = 0;
		};
		6C7FC711AFD22587387AA206 /* [CP] Check Pods Manifest.lock */ = {
			isa = PBXShellScriptBuildPhase;
			buildActionMask = 2147483647;
			files = (
			);
			inputFileListPaths = (
			);
			inputPaths = (
				"${PODS_PODFILE_DIR_PATH}/Podfile.lock",
				"${PODS_ROOT}/Manifest.lock",
			);
			name = "[CP] Check Pods Manifest.lock";
			outputFileListPaths = (
			);
			outputPaths = (
				"$(DERIVED_FILE_DIR)/Pods-News-checkManifestLockResult.txt",
			);
			runOnlyForDeploymentPostprocessing = 0;
			shellPath = /bin/sh;
			shellScript = "diff \"${PODS_PODFILE_DIR_PATH}/Podfile.lock\" \"${PODS_ROOT}/Manifest.lock\" > /dev/null\nif [ $? != 0 ] ; then\n    # print error to STDERR\n    echo \"error: The sandbox is not in sync with the Podfile.lock. Run 'pod install' or update your CocoaPods installation.\" >&2\n    exit 1\nfi\n# This output is used by Xcode 'outputs' to avoid re-running this script phase.\necho \"SUCCESS\" > \"${SCRIPT_OUTPUT_FILE_0}\"\n";
			showEnvVarsInLog = 0;
		};
/* End PBXShellScriptBuildPhase section */

/* Begin PBXSourcesBuildPhase section */
		EB6DF9212A23BDD500976763 /* Sources */ = {
			isa = PBXSourcesBuildPhase;
			buildActionMask = 2147483647;
			files = (
				EB26E2EA2A23D43600A1205D /* HomeViewController.swift in Sources */,
				EB26E2EC2A23D43B00A1205D /* MenuViewController.swift in Sources */,
				EB6DF9292A23BDD500976763 /* AppDelegate.swift in Sources */,
				EB1D3D192A24F54500D6522E /* NewsTableViewCell.swift in Sources */,
				EB6DF92B2A23BDD500976763 /* SceneDelegate.swift in Sources */,
				EB26E2E82A23D33400A1205D /* ContainerViewController.swift in Sources */,
				EB1D3D152A24F3B000D6522E /* NewsResponse.swift in Sources */,
				EB6DF9412A23BE6800976763 /* ApiCaller.swift in Sources */,
				EB324FFE2A240C570050E712 /* HapticsManager.swift in Sources */,
				EB1D3D172A24F3EC00D6522E /* News.swift in Sources */,
				EB26E2EE2A23DD3A00A1205D /* Extensions.swift in Sources */,
			);
			runOnlyForDeploymentPostprocessing = 0;
		};
/* End PBXSourcesBuildPhase section */

/* Begin PBXVariantGroup section */
		EB6DF9332A23BDD600976763 /* LaunchScreen.storyboard */ = {
			isa = PBXVariantGroup;
			children = (
				EB6DF9342A23BDD600976763 /* Base */,
			);
			name = LaunchScreen.storyboard;
			sourceTree = "<group>";
		};
/* End PBXVariantGroup section */

/* Begin XCBuildConfiguration section */
		EB6DF9372A23BDD600976763 /* Debug */ = {
			isa = XCBuildConfiguration;
			buildSettings = {
				ALWAYS_SEARCH_USER_PATHS = NO;
				CLANG_ANALYZER_NONNULL = YES;
				CLANG_ANALYZER_NUMBER_OBJECT_CONVERSION = YES_AGGRESSIVE;
				CLANG_CXX_LANGUAGE_STANDARD = "gnu++20";
				CLANG_ENABLE_MODULES = YES;
				CLANG_ENABLE_OBJC_ARC = YES;
				CLANG_ENABLE_OBJC_WEAK = YES;
				CLANG_WARN_BLOCK_CAPTURE_AUTORELEASING = YES;
				CLANG_WARN_BOOL_CONVERSION = YES;
				CLANG_WARN_COMMA = YES;
				CLANG_WARN_CONSTANT_CONVERSION = YES;
				CLANG_WARN_DEPRECATED_OBJC_IMPLEMENTATIONS = YES;
				CLANG_WARN_DIRECT_OBJC_ISA_USAGE = YES_ERROR;
				CLANG_WARN_DOCUMENTATION_COMMENTS = YES;
				CLANG_WARN_EMPTY_BODY = YES;
				CLANG_WARN_ENUM_CONVERSION = YES;
				CLANG_WARN_INFINITE_RECURSION = YES;
				CLANG_WARN_INT_CONVERSION = YES;
				CLANG_WARN_NON_LITERAL_NULL_CONVERSION = YES;
				CLANG_WARN_OBJC_IMPLICIT_RETAIN_SELF = YES;
				CLANG_WARN_OBJC_LITERAL_CONVERSION = YES;
				CLANG_WARN_OBJC_ROOT_CLASS = YES_ERROR;
				CLANG_WARN_QUOTED_INCLUDE_IN_FRAMEWORK_HEADER = YES;
				CLANG_WARN_RANGE_LOOP_ANALYSIS = YES;
				CLANG_WARN_STRICT_PROTOTYPES = YES;
				CLANG_WARN_SUSPICIOUS_MOVE = YES;
				CLANG_WARN_UNGUARDED_AVAILABILITY = YES_AGGRESSIVE;
				CLANG_WARN_UNREACHABLE_CODE = YES;
				CLANG_WARN__DUPLICATE_METHOD_MATCH = YES;
				COPY_PHASE_STRIP = NO;
				DEBUG_INFORMATION_FORMAT = dwarf;
				ENABLE_STRICT_OBJC_MSGSEND = YES;
				ENABLE_TESTABILITY = YES;
				GCC_C_LANGUAGE_STANDARD = gnu11;
				GCC_DYNAMIC_NO_PIC = NO;
				GCC_NO_COMMON_BLOCKS = YES;
				GCC_OPTIMIZATION_LEVEL = 0;
				GCC_PREPROCESSOR_DEFINITIONS = (
					"DEBUG=1",
					"$(inherited)",
				);
				GCC_WARN_64_TO_32_BIT_CONVERSION = YES;
				GCC_WARN_ABOUT_RETURN_TYPE = YES_ERROR;
				GCC_WARN_UNDECLARED_SELECTOR = YES;
				GCC_WARN_UNINITIALIZED_AUTOS = YES_AGGRESSIVE;
				GCC_WARN_UNUSED_FUNCTION = YES;
				GCC_WARN_UNUSED_VARIABLE = YES;
				IPHONEOS_DEPLOYMENT_TARGET = 16.4;
				MTL_ENABLE_DEBUG_INFO = INCLUDE_SOURCE;
				MTL_FAST_MATH = YES;
				ONLY_ACTIVE_ARCH = YES;
				SDKROOT = iphoneos;
				SWIFT_ACTIVE_COMPILATION_CONDITIONS = DEBUG;
				SWIFT_OPTIMIZATION_LEVEL = "-Onone";
			};
			name = Debug;
		};
		EB6DF9382A23BDD600976763 /* Release */ = {
			isa = XCBuildConfiguration;
			buildSettings = {
				ALWAYS_SEARCH_USER_PATHS = NO;
				CLANG_ANALYZER_NONNULL = YES;
				CLANG_ANALYZER_NUMBER_OBJECT_CONVERSION = YES_AGGRESSIVE;
				CLANG_CXX_LANGUAGE_STANDARD = "gnu++20";
				CLANG_ENABLE_MODULES = YES;
				CLANG_ENABLE_OBJC_ARC = YES;
				CLANG_ENABLE_OBJC_WEAK = YES;
				CLANG_WARN_BLOCK_CAPTURE_AUTORELEASING = YES;
				CLANG_WARN_BOOL_CONVERSION = YES;
				CLANG_WARN_COMMA = YES;
				CLANG_WARN_CONSTANT_CONVERSION = YES;
				CLANG_WARN_DEPRECATED_OBJC_IMPLEMENTATIONS = YES;
				CLANG_WARN_DIRECT_OBJC_ISA_USAGE = YES_ERROR;
				CLANG_WARN_DOCUMENTATION_COMMENTS = YES;
				CLANG_WARN_EMPTY_BODY = YES;
				CLANG_WARN_ENUM_CONVERSION = YES;
				CLANG_WARN_INFINITE_RECURSION = YES;
				CLANG_WARN_INT_CONVERSION = YES;
				CLANG_WARN_NON_LITERAL_NULL_CONVERSION = YES;
				CLANG_WARN_OBJC_IMPLICIT_RETAIN_SELF = YES;
				CLANG_WARN_OBJC_LITERAL_CONVERSION = YES;
				CLANG_WARN_OBJC_ROOT_CLASS = YES_ERROR;
				CLANG_WARN_QUOTED_INCLUDE_IN_FRAMEWORK_HEADER = YES;
				CLANG_WARN_RANGE_LOOP_ANALYSIS = YES;
				CLANG_WARN_STRICT_PROTOTYPES = YES;
				CLANG_WARN_SUSPICIOUS_MOVE = YES;
				CLANG_WARN_UNGUARDED_AVAILABILITY = YES_AGGRESSIVE;
				CLANG_WARN_UNREACHABLE_CODE = YES;
				CLANG_WARN__DUPLICATE_METHOD_MATCH = YES;
				COPY_PHASE_STRIP = NO;
				DEBUG_INFORMATION_FORMAT = "dwarf-with-dsym";
				ENABLE_NS_ASSERTIONS = NO;
				ENABLE_STRICT_OBJC_MSGSEND = YES;
				GCC_C_LANGUAGE_STANDARD = gnu11;
				GCC_NO_COMMON_BLOCKS = YES;
				GCC_WARN_64_TO_32_BIT_CONVERSION = YES;
				GCC_WARN_ABOUT_RETURN_TYPE = YES_ERROR;
				GCC_WARN_UNDECLARED_SELECTOR = YES;
				GCC_WARN_UNINITIALIZED_AUTOS = YES_AGGRESSIVE;
				GCC_WARN_UNUSED_FUNCTION = YES;
				GCC_WARN_UNUSED_VARIABLE = YES;
				IPHONEOS_DEPLOYMENT_TARGET = 16.4;
				MTL_ENABLE_DEBUG_INFO = NO;
				MTL_FAST_MATH = YES;
				SDKROOT = iphoneos;
				SWIFT_COMPILATION_MODE = wholemodule;
				SWIFT_OPTIMIZATION_LEVEL = "-O";
				VALIDATE_PRODUCT = YES;
			};
			name = Release;
		};
		EB6DF93A2A23BDD600976763 /* Debug */ = {
			isa = XCBuildConfiguration;
			baseConfigurationReference = 0903C5A27F26A77EC503E844 /* Pods-News.debug.xcconfig */;
			buildSettings = {
				ASSETCATALOG_COMPILER_APPICON_NAME = AppIcon;
				ASSETCATALOG_COMPILER_GLOBAL_ACCENT_COLOR_NAME = AccentColor;
				CODE_SIGN_STYLE = Automatic;
				CURRENT_PROJECT_VERSION = 1;
				DEVELOPMENT_TEAM = J2X5A4Y973;
				GENERATE_INFOPLIST_FILE = YES;
				INFOPLIST_FILE = News/Info.plist;
				INFOPLIST_KEY_UIApplicationSupportsIndirectInputEvents = YES;
				INFOPLIST_KEY_UILaunchStoryboardName = LaunchScreen;
				INFOPLIST_KEY_UIRequiresFullScreen = YES;
				INFOPLIST_KEY_UIStatusBarStyle = "";
				INFOPLIST_KEY_UISupportedInterfaceOrientations = UIInterfaceOrientationPortrait;
				LD_RUNPATH_SEARCH_PATHS = (
					"$(inherited)",
					"@executable_path/Frameworks",
				);
				MARKETING_VERSION = 1.0;
				PRODUCT_BUNDLE_IDENTIFIER = TestCompany.News;
				PRODUCT_NAME = "$(TARGET_NAME)";
				SWIFT_EMIT_LOC_STRINGS = YES;
				SWIFT_VERSION = 5.0;
				TARGETED_DEVICE_FAMILY = "1,2";
			};
			name = Debug;
		};
		EB6DF93B2A23BDD600976763 /* Release */ = {
			isa = XCBuildConfiguration;
			baseConfigurationReference = A4A587DC38610D30E9D343F4 /* Pods-News.release.xcconfig */;
			buildSettings = {
				ASSETCATALOG_COMPILER_APPICON_NAME = AppIcon;
				ASSETCATALOG_COMPILER_GLOBAL_ACCENT_COLOR_NAME = AccentColor;
				CODE_SIGN_STYLE = Automatic;
				CURRENT_PROJECT_VERSION = 1;
				DEVELOPMENT_TEAM = J2X5A4Y973;
				GENERATE_INFOPLIST_FILE = YES;
				INFOPLIST_FILE = News/Info.plist;
				INFOPLIST_KEY_UIApplicationSupportsIndirectInputEvents = YES;
				INFOPLIST_KEY_UILaunchStoryboardName = LaunchScreen;
				INFOPLIST_KEY_UIRequiresFullScreen = YES;
				INFOPLIST_KEY_UIStatusBarStyle = "";
				INFOPLIST_KEY_UISupportedInterfaceOrientations = UIInterfaceOrientationPortrait;
				LD_RUNPATH_SEARCH_PATHS = (
					"$(inherited)",
					"@executable_path/Frameworks",
				);
				MARKETING_VERSION = 1.0;
				PRODUCT_BUNDLE_IDENTIFIER = TestCompany.News;
				PRODUCT_NAME = "$(TARGET_NAME)";
				SWIFT_EMIT_LOC_STRINGS = YES;
				SWIFT_VERSION = 5.0;
				TARGETED_DEVICE_FAMILY = "1,2";
			};
			name = Release;
		};
/* End XCBuildConfiguration section */

/* Begin XCConfigurationList section */
		EB6DF9202A23BDD500976763 /* Build configuration list for PBXProject "News" */ = {
			isa = XCConfigurationList;
			buildConfigurations = (
				EB6DF9372A23BDD600976763 /* Debug */,
				EB6DF9382A23BDD600976763 /* Release */,
			);
			defaultConfigurationIsVisible = 0;
			defaultConfigurationName = Release;
		};
		EB6DF9392A23BDD600976763 /* Build configuration list for PBXNativeTarget "News" */ = {
			isa = XCConfigurationList;
			buildConfigurations = (
				EB6DF93A2A23BDD600976763 /* Debug */,
				EB6DF93B2A23BDD600976763 /* Release */,
			);
			defaultConfigurationIsVisible = 0;
			defaultConfigurationName = Release;
		};
/* End XCConfigurationList section */
	};
	rootObject = EB6DF91D2A23BDD500976763 /* Project object */;
}
